
Microsoft Visual Studio Solution File, Format Version 12.00
# Visual Studio Version 17
VisualStudioVersion = 17.7.34202.233
MinimumVisualStudioVersion = 10.0.40219.1
Project("{9A19103F-16F7-4668-BE54-9A1E7A4F7556}") = "DeepCopy.Abstractions", "DeepCopy.Abstractions\DeepCopy.Abstractions.csproj", "{440256FE-7DBC-4550-BE95-D81919E66789}"
EndProject
Project("{9A19103F-16F7-4668-BE54-9A1E7A4F7556}") = "Testing", "Testing\Testing.csproj", "{2252BD2B-00B4-4A75-A0C1-D086A98A45E9}"
EndProject
Project("{9A19103F-16F7-4668-BE54-9A1E7A4F7556}") = "SampleAppLocal", "SampleAppLocal\SampleAppLocal.csproj", "{D4D75D5B-D34F-47AD-97A9-557B3F751DE9}"
EndProject
Project("{FAE04EC0-301F-11D3-BF4B-00C04F79EFBC}") = "TestConnection", "TestConnection\TestConnection.csproj", "{EF9042C1-2CAE-4536-A614-84C016FFC8A2}"
EndProject
Global
	GlobalSection(SolutionConfigurationPlatforms) = preSolution
		Debug|Any CPU = Debug|Any CPU
		Release|Any CPU = Release|Any CPU
	EndGlobalSection
	GlobalSection(ProjectConfigurationPlatforms) = postSolution
		{440256FE-7DBC-4550-BE95-D81919E66789}.Debug|Any CPU.ActiveCfg = Debug|Any CPU
		{440256FE-7DBC-4550-BE95-D81919E66789}.Debug|Any CPU.Build.0 = Debug|Any CPU
		{440256FE-7DBC-4550-BE95-D81919E66789}.Release|Any CPU.ActiveCfg = Release|Any CPU
		{440256FE-7DBC-4550-BE95-D81919E66789}.Release|Any CPU.Build.0 = Release|Any CPU
		{2252BD2B-00B4-4A75-A0C1-D086A98A45E9}.Debug|Any CPU.ActiveCfg = Debug|Any CPU
		{2252BD2B-00B4-4A75-A0C1-D086A98A45E9}.Debug|Any CPU.Build.0 = Debug|Any CPU
		{2252BD2B-00B4-4A75-A0C1-D086A98A45E9}.Release|Any CPU.ActiveCfg = Release|Any CPU
		{2252BD2B-00B4-4A75-A0C1-D086A98A45E9}.Release|Any CPU.Build.0 = Release|Any CPU
		{D4D75D5B-D34F-47AD-97A9-557B3F751DE9}.Debug|Any CPU.ActiveCfg = Debug|Any CPU
		{D4D75D5B-D34F-47AD-97A9-557B3F751DE9}.Debug|Any CPU.Build.0 = Debug|Any CPU
		{D4D75D5B-D34F-47AD-97A9-557B3F751DE9}.Release|Any CPU.ActiveCfg = Release|Any CPU
		{D4D75D5B-D34F-47AD-97A9-557B3F751DE9}.Release|Any CPU.Build.0 = Release|Any CPU
		{EF9042C1-2CAE-4536-A614-84C016FFC8A2}.Debug|Any CPU.ActiveCfg = Debug|Any CPU
		{EF9042C1-2CAE-4536-A614-84C016FFC8A2}.Debug|Any CPU.Build.0 = Debug|Any CPU
		{EF9042C1-2CAE-4536-A614-84C016FFC8A2}.Release|Any CPU.ActiveCfg = Release|Any CPU
		{EF9042C1-2CAE-4536-A614-84C016FFC8A2}.Release|Any CPU.Build.0 = Release|Any CPU
	EndGlobalSection
	GlobalSection(SolutionProperties) = preSolution
		HideSolutionNode = FALSE
	EndGlobalSection
	GlobalSection(ExtensibilityGlobals) = postSolution
		SolutionGuid = {DC140B96-C14D-4BDC-A0FB-DB0AC7B3C03B}
	EndGlobalSection
EndGlobal
